
Microsoft Visual Studio Solution File, Format Version 12.00
# Visual Studio Version 17
VisualStudioVersion = 17.14.36811.4 d17.14
MinimumVisualStudioVersion = 10.0.40219.1
Project("{FAE04EC0-301F-11D3-BF4B-00C04F79EFBC}") = "Poker", "Poker\Poker.csproj", "{9400B279-BBCD-4104-9B94-20833BB9EB52}"
EndProject
Global
	GlobalSection(SolutionConfigurationPlatforms) = preSolution
		Debug|Any CPU = Debug|Any CPU
		Release|Any CPU = Release|Any CPU
	EndGlobalSection
	GlobalSection(ProjectConfigurationPlatforms) = postSolution
		{9400B279-BBCD-4104-9B94-20833BB9EB52}.Debug|Any CPU.ActiveCfg = Debug|Any CPU
		{9400B279-BBCD-4104-9B94-20833BB9EB52}.Debug|Any CPU.Build.0 = Debug|Any CPU
		{9400B279-BBCD-4104-9B94-20833BB9EB52}.Release|Any CPU.ActiveCfg = Release|Any CPU
		{9400B279-BBCD-4104-9B94-20833BB9EB52}.Release|Any CPU.Build.0 = Release|Any CPU
	EndGlobalSection
	GlobalSection(SolutionProperties) = preSolution
		HideSolutionNode = FALSE
	EndGlobalSection
	GlobalSection(ExtensibilityGlobals) = postSolution
		SolutionGuid = {3851C417-A09D-45FB-9AFF-CD7EF35461AD}
	EndGlobalSection
EndGlobal
